
Microsoft Visual Studio Solution File, Format Version 12.00
# Visual Studio 15
VisualStudioVersion = 15.0.26124.0
MinimumVisualStudioVersion = 15.0.26124.0
Project("{2150E333-8FDC-42A3-9474-1A3956D46DE8}") = "src", "src", "{EA1AA7BF-AC90-4284-A031-EE733B1B8BF2}"
EndProject
Project("{FAE04EC0-301F-11D3-BF4B-00C04F79EFBC}") = "BirthdayGreetingsKata", "src\BirthdayGreetingsKata\BirthdayGreetingsKata.csproj", "{E422D40A-E0EB-4152-84B0-2EE175DA4975}"
EndProject
Project("{2150E333-8FDC-42A3-9474-1A3956D46DE8}") = "tests", "tests", "{60BE2EDA-0D0E-4CC2-91DD-5257010035BA}"
EndProject
Project("{FAE04EC0-301F-11D3-BF4B-00C04F79EFBC}") = "BirthdayGreetingsKataTests", "tests\BirthdayGreetingsKataTests\BirthdayGreetingsKataTests.csproj", "{0253AB9A-E1E8-442B-8EAA-F5BC78AA5264}"
EndProject
Global
	GlobalSection(SolutionConfigurationPlatforms) = preSolution
		Debug|Any CPU = Debug|Any CPU
		Debug|x64 = Debug|x64
		Debug|x86 = Debug|x86
		Release|Any CPU = Release|Any CPU
		Release|x64 = Release|x64
		Release|x86 = Release|x86
	EndGlobalSection
	GlobalSection(SolutionProperties) = preSolution
		HideSolutionNode = FALSE
	EndGlobalSection
	GlobalSection(ProjectConfigurationPlatforms) = postSolution
		{E422D40A-E0EB-4152-84B0-2EE175DA4975}.Debug|Any CPU.ActiveCfg = Debug|Any CPU
		{E422D40A-E0EB-4152-84B0-2EE175DA4975}.Debug|Any CPU.Build.0 = Debug|Any CPU
		{E422D40A-E0EB-4152-84B0-2EE175DA4975}.Debug|x64.ActiveCfg = Debug|Any CPU
		{E422D40A-E0EB-4152-84B0-2EE175DA4975}.Debug|x64.Build.0 = Debug|Any CPU
		{E422D40A-E0EB-4152-84B0-2EE175DA4975}.Debug|x86.ActiveCfg = Debug|Any CPU
		{E422D40A-E0EB-4152-84B0-2EE175DA4975}.Debug|x86.Build.0 = Debug|Any CPU
		{E422D40A-E0EB-4152-84B0-2EE175DA4975}.Release|Any CPU.ActiveCfg = Release|Any CPU
		{E422D40A-E0EB-4152-84B0-2EE175DA4975}.Release|Any CPU.Build.0 = Release|Any CPU
		{E422D40A-E0EB-4152-84B0-2EE175DA4975}.Release|x64.ActiveCfg = Release|Any CPU
		{E422D40A-E0EB-4152-84B0-2EE175DA4975}.Release|x64.Build.0 = Release|Any CPU
		{E422D40A-E0EB-4152-84B0-2EE175DA4975}.Release|x86.ActiveCfg = Release|Any CPU
		{E422D40A-E0EB-4152-84B0-2EE175DA4975}.Release|x86.Build.0 = Release|Any CPU
		{0253AB9A-E1E8-442B-8EAA-F5BC78AA5264}.Debug|Any CPU.ActiveCfg = Debug|Any CPU
		{0253AB9A-E1E8-442B-8EAA-F5BC78AA5264}.Debug|Any CPU.Build.0 = Debug|Any CPU
		{0253AB9A-E1E8-442B-8EAA-F5BC78AA5264}.Debug|x64.ActiveCfg = Debug|Any CPU
		{0253AB9A-E1E8-442B-8EAA-F5BC78AA5264}.Debug|x64.Build.0 = Debug|Any CPU
		{0253AB9A-E1E8-442B-8EAA-F5BC78AA5264}.Debug|x86.ActiveCfg = Debug|Any CPU
		{0253AB9A-E1E8-442B-8EAA-F5BC78AA5264}.Debug|x86.Build.0 = Debug|Any CPU
		{0253AB9A-E1E8-442B-8EAA-F5BC78AA5264}.Release|Any CPU.ActiveCfg = Release|Any CPU
		{0253AB9A-E1E8-442B-8EAA-F5BC78AA5264}.Release|Any CPU.Build.0 = Release|Any CPU
		{0253AB9A-E1E8-442B-8EAA-F5BC78AA5264}.Release|x64.ActiveCfg = Release|Any CPU
		{0253AB9A-E1E8-442B-8EAA-F5BC78AA5264}.Release|x64.Build.0 = Release|Any CPU
		{0253AB9A-E1E8-442B-8EAA-F5BC78AA5264}.Release|x86.ActiveCfg = Release|Any CPU
		{0253AB9A-E1E8-442B-8EAA-F5BC78AA5264}.Release|x86.Build.0 = Release|Any CPU
	EndGlobalSection
	GlobalSection(NestedProjects) = preSolution
		{E422D40A-E0EB-4152-84B0-2EE175DA4975} = {EA1AA7BF-AC90-4284-A031-EE733B1B8BF2}
		{0253AB9A-E1E8-442B-8EAA-F5BC78AA5264} = {60BE2EDA-0D0E-4CC2-91DD-5257010035BA}
	EndGlobalSection
EndGlobal
